
Microsoft Visual Studio Solution File, Format Version 12.00
# Visual Studio Version 18
VisualStudioVersion = 18.6.11819.183 stable
MinimumVisualStudioVersion = 10.0.40219.1
Project("{FAE04EC0-301F-11D3-BF4B-00C04F79EFBC}") = "TaskManagement.MVC", "TaskManagement.MVC.csproj", "{04895286-84BD-E0BB-5CAC-8FBEC69B07AB}"
EndProject
Project("{FAE04EC0-301F-11D3-BF4B-00C04F79EFBC}") = "TaskManagement.API", "..\TaskManagement.API\TaskManagement.API.csproj", "{8E0ED2C2-A7D0-25E6-C87E-314314B3DE00}"
EndProject
Global
	GlobalSection(SolutionConfigurationPlatforms) = preSolution
		Debug|Any CPU = Debug|Any CPU
		Release|Any CPU = Release|Any CPU
	EndGlobalSection
	GlobalSection(ProjectConfigurationPlatforms) = postSolution
		{04895286-84BD-E0BB-5CAC-8FBEC69B07AB}.Debug|Any CPU.ActiveCfg = Debug|Any CPU
		{04895286-84BD-E0BB-5CAC-8FBEC69B07AB}.Debug|Any CPU.Build.0 = Debug|Any CPU
		{04895286-84BD-E0BB-5CAC-8FBEC69B07AB}.Release|Any CPU.ActiveCfg = Release|Any CPU
		{04895286-84BD-E0BB-5CAC-8FBEC69B07AB}.Release|Any CPU.Build.0 = Release|Any CPU
		{8E0ED2C2-A7D0-25E6-C87E-314314B3DE00}.Debug|Any CPU.ActiveCfg = Debug|Any CPU
		{8E0ED2C2-A7D0-25E6-C87E-314314B3DE00}.Debug|Any CPU.Build.0 = Debug|Any CPU
		{8E0ED2C2-A7D0-25E6-C87E-314314B3DE00}.Release|Any CPU.ActiveCfg = Release|Any CPU
		{8E0ED2C2-A7D0-25E6-C87E-314314B3DE00}.Release|Any CPU.Build.0 = Release|Any CPU
	EndGlobalSection
	GlobalSection(SolutionProperties) = preSolution
		HideSolutionNode = FALSE
	EndGlobalSection
	GlobalSection(ExtensibilityGlobals) = postSolution
		SolutionGuid = {29CE1CAB-EAC7-42CC-91B4-3EB6FAC77DF3}
	EndGlobalSection
EndGlobal
